{
    "_readme": [
        "This file locks the dependencies of your project to a known state",
        "Read more about it at https://getcomposer.org/doc/01-basic-usage.md#installing-dependencies",
        "This file is @generated automatically"
    ],
    "content-hash": "9106687bd74078a55af74d935137670a",
    "packages": [
        {
            "name": "cycle/annotated",
            "version": "3.x-dev",
            "source": {
                "type": "git",
                "url": "https://github.com/cycle/annotated.git",
                "reference": "78c8f0e40de09300c52ccf0394222420d2f59c11"
            },
            "dist": {
                "type": "zip",
                "url": "https://api.github.com/repos/cycle/annotated/zipball/78c8f0e40de09300c52ccf0394222420d2f59c11",
                "reference": "78c8f0e40de09300c52ccf0394222420d2f59c11",
                "shasum": ""
            },
            "require": {
                "cycle/orm": "^2.2.0",
                "cycle/schema-builder": "^2.1.0",
                "doctrine/annotations": "^1.13",
                "doctrine/inflector": "^2.0",
                "php": ">=8.0",
                "spiral/attributes": "^2.8|^3.0",
                "spiral/tokenizer": "^2.8|^3.0"
            },
            "require-dev": {
                "phpunit/phpunit": "^9.5",
                "vimeo/psalm": "^4.18"
            },
            "default-branch": true,
            "type": "library",
            "autoload": {
                "psr-4": {
                    "Cycle\\Annotated\\": "src/"
                }
            },
            "notification-url": "https://packagist.org/downloads/",
            "license": [
                "MIT"
            ],
            "description": "Cycle ORM Annotated Entities generator",
            "support": {
                "issues": "https://github.com/cycle/annotated/issues",
                "source": "https://github.com/cycle/annotated/tree/v3.2.0"
            },
            "time": "2022-07-05T19:31:01+00:00"
        },
        {
            "name": "cycle/database",
            "version": "2.x-dev",
            "source": {
                "type": "git",
                "url": "https://github.com/cycle/database.git",
                "reference": "bd48dec079d7666dd125e1299be031b123685684"
            },
            "dist": {
                "type": "zip",
                "url": "https://api.github.com/repos/cycle/database/zipball/bd48dec079d7666dd125e1299be031b123685684",
                "reference": "bd48dec079d7666dd125e1299be031b123685684",
                "shasum": ""
            },
            "require": {
                "ext-pdo": "*",
                "php": ">=8.0",
                "psr/log": "1 - 3",
                "spiral/core": "^2.8 || ^3.0",
                "spiral/pagination": "^2.8 || ^3.0"
            },
            "conflict": {
                "spiral/database": "*"
            },
            "require-dev": {
                "infection/infection": "^0.26.10",
                "mockery/mockery": "^1.5",
                "phpunit/phpunit": "^9.5",
                "spiral/tokenizer": "^2.13",
                "vimeo/psalm": "^4.23"
            },
            "default-branch": true,
            "type": "library",
            "autoload": {
                "files": [
                    "src/polyfill.php",
                    "src/functions_polyfill.php"
                ],
                "psr-4": {
                    "Cycle\\Database\\": "src"
                }
            },
            "notification-url": "https://packagist.org/downloads/",
            "license": [
                "MIT"
            ],
            "description": "DBAL, schema introspection, migration and pagination",
            "support": {
                "issues": "https://github.com/cycle/database/issues",
                "source": "https://github.com/cycle/database/tree/2.2.1"
            },
            "time": "2022-07-02T07:49:22+00:00"
        },
        {
            "name": "cycle/orm",
            "version": "2.x-dev",
            "source": {
                "type": "git",
                "url": "https://github.com/cycle/orm.git",
                "reference": "b69635a37a7eefcf4eb3801013fd62d1e1fcc728"
            },
            "dist": {
                "type": "zip",
                "url": "https://api.github.com/repos/cycle/orm/zipball/b69635a37a7eefcf4eb3801013fd62d1e1fcc728",
                "reference": "b69635a37a7eefcf4eb3801013fd62d1e1fcc728",
                "shasum": ""
            },
            "require": {
                "cycle/database": "^2.2.1",
                "doctrine/instantiator": "^1.3.1",
                "ext-pdo": "*",
                "php": ">=8.0"
            },
            "require-dev": {
                "doctrine/collections": "^1.6",
                "illuminate/collections": "^8.0",
                "loophp/collection": "^6.0",
                "mockery/mockery": "^1.1",
                "phpunit/phpunit": "^9.5",
                "ramsey/uuid": "^4.0",
                "spiral/tokenizer": "^2.8",
                "vimeo/psalm": "^4.9"
            },
            "default-branch": true,
            "type": "library",
            "autoload": {
                "psr-4": {
                    "Cycle\\ORM\\": "src/"
                }
            },
            "notification-url": "https://packagist.org/downloads/",
            "license": [
                "MIT"
            ],
            "description": "PHP DataMapper ORM and Data Modelling Engine",
            "support": {
                "issues": "https://github.com/cycle/orm/issues",
                "source": "https://github.com/cycle/orm/tree/v2.2.0"
            },
            "time": "2022-07-05T13:05:00+00:00"
        },
        {
            "name": "cycle/schema-builder",
            "version": "2.x-dev",
            "source": {
                "type": "git",
                "url": "https://github.com/cycle/schema-builder.git",
                "reference": "4838734b8082bc80abca1221225feda5e72366a3"
            },
            "dist": {
                "type": "zip",
                "url": "https://api.github.com/repos/cycle/schema-builder/zipball/4838734b8082bc80abca1221225feda5e72366a3",
                "reference": "4838734b8082bc80abca1221225feda5e72366a3",
                "shasum": ""
            },
            "require": {
                "cycle/orm": "^2.0",
                "php": ">=8.0",
                "yiisoft/friendly-exception": "^1.1"
            },
            "require-dev": {
                "phpunit/phpunit": "^9.5",
                "spiral/tokenizer": "^2.8",
                "vimeo/psalm": "^4.12"
            },
            "default-branch": true,
            "type": "library",
            "autoload": {
                "psr-4": {
                    "Cycle\\Schema\\": "src/"
                }
            },
            "notification-url": "https://packagist.org/downloads/",
            "license": [
                "MIT"
            ],
            "description": "Cycle ORM Schema Builder",
            "support": {
                "issues": "https://github.com/cycle/schema-builder/issues",
                "source": "https://github.com/cycle/schema-builder/tree/v2.1.0"
            },
            "time": "2022-01-11T11:38:48+00:00"
        },
        {
            "name": "doctrine/annotations",
            "version": "1.14.x-dev",
            "source": {
                "type": "git",
                "url": "https://github.com/doctrine/annotations.git",
                "reference": "2273d90f6d32b9fcb526c9394b214fd7abf7435b"
            },
            "dist": {
                "type": "zip",
                "url": "https://api.github.com/repos/doctrine/annotations/zipball/2273d90f6d32b9fcb526c9394b214fd7abf7435b",
                "reference": "2273d90f6d32b9fcb526c9394b214fd7abf7435b",
                "shasum": ""
            },
            "require": {
                "doctrine/lexer": "1.*",
                "ext-tokenizer": "*",
                "php": "^7.1 || ^8.0",
                "psr/cache": "^1 || ^2 || ^3"
            },
            "require-dev": {
                "doctrine/cache": "^1.11 || ^2.0",
                "doctrine/coding-standard": "^6.0 || ^8.1",
                "phpstan/phpstan": "^1.4.10 || ^1.8.0",
                "phpunit/phpunit": "^7.5 || ^8.0 || ^9.1.5",
                "symfony/cache": "^4.4 || ^5.2",
                "vimeo/psalm": "^4.10"
            },
            "type": "library",
            "autoload": {
                "psr-4": {
                    "Doctrine\\Common\\Annotations\\": "lib/Doctrine/Common/Annotations"
                }
            },
            "notification-url": "https://packagist.org/downloads/",
            "license": [
                "MIT"
            ],
            "authors": [
                {
                    "name": "Guilherme Blanco",
                    "email": "guilhermeblanco@gmail.com"
                },
                {
                    "name": "Roman Borschel",
                    "email": "roman@code-factory.org"
                },
                {
                    "name": "Benjamin Eberlei",
                    "email": "kontakt@beberlei.de"
                },
                {
                    "name": "Jonathan Wage",
                    "email": "jonwage@gmail.com"
                },
                {
                    "name": "Johannes Schmitt",
                    "email": "schmittjoh@gmail.com"
                }
            ],
            "description": "Docblock Annotations Parser",
            "homepage": "https://www.doctrine-project.org/projects/annotations.html",
            "keywords": [
                "annotations",
                "docblock",
                "parser"
            ],
            "support": {
                "issues": "https://github.com/doctrine/annotations/issues",
                "source": "https://github.com/doctrine/annotations/tree/1.14.x"
            },
            "time": "2022-07-02T10:50:20+00:00"
        },
        {
            "name": "doctrine/inflector",
            "version": "2.1.x-dev",
            "source": {
                "type": "git",
                "url": "https://github.com/doctrine/inflector.git",
                "reference": "3249de584daab089c823ddc3f8efb108cee85a10"
            },
            "dist": {
                "type": "zip",
                "url": "https://api.github.com/repos/doctrine/inflector/zipball/3249de584daab089c823ddc3f8efb108cee85a10",
                "reference": "3249de584daab089c823ddc3f8efb108cee85a10",
                "shasum": ""
            },
            "require": {
                "php": "^7.2 || ^8.0"
            },
            "require-dev": {
                "doctrine/coding-standard": "^8.2",
                "phpstan/phpstan": "^0.12",
                "phpstan/phpstan-phpunit": "^0.12",
                "phpstan/phpstan-strict-rules": "^0.12",
                "phpunit/phpunit": "^7.0 || ^8.0 || ^9.0",
                "vimeo/psalm": "^4.10"
            },
            "type": "library",
            "autoload": {
                "psr-4": {
                    "Doctrine\\Inflector\\": "lib/Doctrine/Inflector"
                }
            },
            "notification-url": "https://packagist.org/downloads/",
            "license": [
                "MIT"
            ],
            "authors": [
                {
                    "name": "Guilherme Blanco",
                    "email": "guilhermeblanco@gmail.com"
                },
                {
                    "name": "Roman Borschel",
                    "email": "roman@code-factory.org"
                },
                {
                    "name": "Benjamin Eberlei",
                    "email": "kontakt@beberlei.de"
                },
                {
                    "name": "Jonathan Wage",
                    "email": "jonwage@gmail.com"
                },
                {
                    "name": "Johannes Schmitt",
                    "email": "schmittjoh@gmail.com"
                }
            ],
            "description": "PHP Doctrine Inflector is a small library that can perform string manipulations with regard to upper/lowercase and singular/plural forms of words.",
            "homepage": "https://www.doctrine-project.org/projects/inflector.html",
            "keywords": [
                "inflection",
                "inflector",
                "lowercase",
                "manipulation",
                "php",
                "plural",
                "singular",
                "strings",
                "uppercase",
                "words"
            ],
            "support": {
                "issues": "https://github.com/doctrine/inflector/issues",
                "source": "https://github.com/doctrine/inflector/tree/2.1.x"
            },
            "funding": [
                {
                    "url": "https://www.doctrine-project.org/sponsorship.html",
                    "type": "custom"
                },
                {
                    "url": "https://www.patreon.com/phpdoctrine",
                    "type": "patreon"
                },
                {
                    "url": "https://tidelift.com/funding/github/packagist/doctrine%2Finflector",
                    "type": "tidelift"
                }
            ],
            "time": "2021-10-22T20:33:24+00:00"
        },
        {
            "name": "doctrine/instantiator",
            "version": "1.5.x-dev",
            "source": {
                "type": "git",
                "url": "https://github.com/doctrine/instantiator.git",
                "reference": "10dcfce151b967d20fde1b34ae6640712c3891bc"
            },
            "dist": {
                "type": "zip",
                "url": "https://api.github.com/repos/doctrine/instantiator/zipball/10dcfce151b967d20fde1b34ae6640712c3891bc",
                "reference": "10dcfce151b967d20fde1b34ae6640712c3891bc",
                "shasum": ""
            },
            "require": {
                "php": "^7.1 || ^8.0"
            },
            "require-dev": {
                "doctrine/coding-standard": "^9",
                "ext-pdo": "*",
                "ext-phar": "*",
                "phpbench/phpbench": "^0.16 || ^1",
                "phpstan/phpstan": "^1.4",
                "phpstan/phpstan-phpunit": "^1",
                "phpunit/phpunit": "^7.5 || ^8.5 || ^9.5",
                "vimeo/psalm": "^4.22"
            },
            "type": "library",
            "autoload": {
                "psr-4": {
                    "Doctrine\\Instantiator\\": "src/Doctrine/Instantiator/"
                }
            },
            "notification-url": "https://packagist.org/downloads/",
            "license": [
                "MIT"
            ],
            "authors": [
                {
                    "name": "Marco Pivetta",
                    "email": "ocramius@gmail.com",
                    "homepage": "https://ocramius.github.io/"
                }
            ],
            "description": "A small, lightweight utility to instantiate objects in PHP without invoking their constructors",
            "homepage": "https://www.doctrine-project.org/projects/instantiator.html",
            "keywords": [
                "constructor",
                "instantiate"
            ],
            "support": {
                "issues": "https://github.com/doctrine/instantiator/issues",
                "source": "https://github.com/doctrine/instantiator/tree/1.4.x"
            },
            "funding": [
                {
                    "url": "https://www.doctrine-project.org/sponsorship.html",
                    "type": "custom"
                },
                {
                    "url": "https://www.patreon.com/phpdoctrine",
                    "type": "patreon"
                },
                {
                    "url": "https://tidelift.com/funding/github/packagist/doctrine%2Finstantiator",
                    "type": "tidelift"
                }
            ],
            "time": "2022-03-03T08:28:38+00:00"
        },
        {
            "name": "doctrine/lexer",
            "version": "1.3.x-dev",
            "source": {
                "type": "git",
                "url": "https://github.com/doctrine/lexer.git",
                "reference": "ff0bfc39c3cce1cc0aa69471235194c6f104384d"
            },
            "dist": {
                "type": "zip",
                "url": "https://api.github.com/repos/doctrine/lexer/zipball/ff0bfc39c3cce1cc0aa69471235194c6f104384d",
                "reference": "ff0bfc39c3cce1cc0aa69471235194c6f104384d",
                "shasum": ""
            },
            "require": {
                "php": "^7.1 || ^8.0"
            },
            "require-dev": {
                "doctrine/coding-standard": "^9.0",
                "phpstan/phpstan": "^1.3",
                "phpunit/phpunit": "^7.5 || ^8.5 || ^9.5",
                "vimeo/psalm": "^4.11"
            },
            "type": "library",
            "autoload": {
                "psr-4": {
                    "Doctrine\\Common\\Lexer\\": "lib/Doctrine/Common/Lexer"
                }
            },
            "notification-url": "https://packagist.org/downloads/",
            "license": [
                "MIT"
            ],
            "authors": [
                {
                    "name": "Guilherme Blanco",
                    "email": "guilhermeblanco@gmail.com"
                },
                {
                    "name": "Roman Borschel",
                    "email": "roman@code-factory.org"
                },
                {
                    "name": "Johannes Schmitt",
                    "email": "schmittjoh@gmail.com"
                }
            ],
            "description": "PHP Doctrine Lexer parser library that can be used in Top-Down, Recursive Descent Parsers.",
            "homepage": "https://www.doctrine-project.org/projects/lexer.html",
            "keywords": [
                "annotations",
                "docblock",
                "lexer",
                "parser",
                "php"
            ],
            "support": {
                "issues": "https://github.com/doctrine/lexer/issues",
                "source": "https://github.com/doctrine/lexer/tree/1.3.x"
            },
            "funding": [
                {
                    "url": "https://www.doctrine-project.org/sponsorship.html",
                    "type": "custom"
                },
                {
                    "url": "https://www.patreon.com/phpdoctrine",
                    "type": "patreon"
                },
                {
                    "url": "https://tidelift.com/funding/github/packagist/doctrine%2Flexer",
                    "type": "tidelift"
                }
            ],
            "time": "2022-02-28T11:12:09+00:00"
        },
        {
            "name": "php-ds/php-ds",
            "version": "v1.4.1",
            "source": {
                "type": "git",
                "url": "https://github.com/php-ds/polyfill.git",
                "reference": "43d2df301a9e2017f67b8c11d94a5222f9c00fd1"
            },
            "dist": {
                "type": "zip",
                "url": "https://api.github.com/repos/php-ds/polyfill/zipball/43d2df301a9e2017f67b8c11d94a5222f9c00fd1",
                "reference": "43d2df301a9e2017f67b8c11d94a5222f9c00fd1",
                "shasum": ""
            },
            "require": {
                "ext-json": "*",
                "php": ">=7.0"
            },
            "provide": {
                "ext-ds": "1.3.0"
            },
            "require-dev": {
                "php-ds/tests": "^1.3"
            },
            "suggest": {
                "ext-ds": "to improve performance and reduce memory usage"
            },
            "type": "library",
            "autoload": {
                "psr-4": {
                    "Ds\\": "src"
                }
            },
            "notification-url": "https://packagist.org/downloads/",
            "license": [
                "MIT"
            ],
            "authors": [
                {
                    "name": "Rudi Theunissen",
                    "email": "rudolf.theunissen@gmail.com"
                }
            ],
            "keywords": [
                "data structures",
                "ds",
                "php",
                "polyfill"
            ],
            "support": {
                "issues": "https://github.com/php-ds/polyfill/issues",
                "source": "https://github.com/php-ds/polyfill/tree/v1.4.1"
            },
            "time": "2022-03-09T20:39:30+00:00"
        },
        {
            "name": "psr/cache",
            "version": "dev-master",
            "source": {
                "type": "git",
                "url": "https://github.com/php-fig/cache.git",
                "reference": "0a7c67d0d1c8167b342eb74339d6f961663826ce"
            },
            "dist": {
                "type": "zip",
                "url": "https://api.github.com/repos/php-fig/cache/zipball/0a7c67d0d1c8167b342eb74339d6f961663826ce",
                "reference": "0a7c67d0d1c8167b342eb74339d6f961663826ce",
                "shasum": ""
            },
            "require": {
                "php": ">=8.0.0"
            },
            "suggest": {
                "fig/cache-util": "Provides some useful PSR-6 utilities"
            },
            "default-branch": true,
            "type": "library",
            "extra": {
                "branch-alias": {
                    "dev-master": "3.0.x-dev"
                }
            },
            "autoload": {
                "psr-4": {
                    "Psr\\Cache\\": "src/"
                }
            },
            "notification-url": "https://packagist.org/downloads/",
            "license": [
                "MIT"
            ],
            "authors": [
                {
                    "name": "PHP-FIG",
                    "homepage": "https://www.php-fig.org/"
                }
            ],
            "description": "Common interface for caching libraries",
            "keywords": [
                "cache",
                "psr",
                "psr-6"
            ],
            "support": {
                "source": "https://github.com/php-fig/cache/tree/master"
            },
            "time": "2021-02-24T03:25:37+00:00"
        },
        {
            "name": "psr/container",
            "version": "dev-master",
            "source": {
                "type": "git",
                "url": "https://github.com/php-fig/container.git",
                "reference": "90db7b9ac2a2c5b849fcb69dde58f3ae182c68f5"
            },
            "dist": {
                "type": "zip",
                "url": "https://api.github.com/repos/php-fig/container/zipball/90db7b9ac2a2c5b849fcb69dde58f3ae182c68f5",
                "reference": "90db7b9ac2a2c5b849fcb69dde58f3ae182c68f5",
                "shasum": ""
            },
            "require": {
                "php": ">=7.4.0"
            },
            "default-branch": true,
            "type": "library",
            "extra": {
                "branch-alias": {
                    "dev-master": "2.0.x-dev"
                }
            },
            "autoload": {
                "psr-4": {
                    "Psr\\Container\\": "src/"
                }
            },
            "notification-url": "https://packagist.org/downloads/",
            "license": [
                "MIT"
            ],
            "authors": [
                {
                    "name": "PHP-FIG",
                    "homepage": "https://www.php-fig.org/"
                }
            ],
            "description": "Common Container Interface (PHP FIG PSR-11)",
            "homepage": "https://github.com/php-fig/container",
            "keywords": [
                "PSR-11",
                "container",
                "container-interface",
                "container-interop",
                "psr"
            ],
            "support": {
                "issues": "https://github.com/php-fig/container/issues",
                "source": "https://github.com/php-fig/container/tree/master"
            },
            "time": "2022-07-19T17:36:59+00:00"
        },
        {
            "name": "psr/log",
            "version": "dev-master",
            "source": {
                "type": "git",
                "url": "https://github.com/php-fig/log.git",
                "reference": "fe5ea303b0887d5caefd3d431c3e61ad47037001"
            },
            "dist": {
                "type": "zip",
                "url": "https://api.github.com/repos/php-fig/log/zipball/fe5ea303b0887d5caefd3d431c3e61ad47037001",
                "reference": "fe5ea303b0887d5caefd3d431c3e61ad47037001",
                "shasum": ""
            },
            "require": {
                "php": ">=8.0.0"
            },
            "default-branch": true,
            "type": "library",
            "extra": {
                "branch-alias": {
                    "dev-master": "3.x-dev"
                }
            },
            "autoload": {
                "psr-4": {
                    "Psr\\Log\\": "src"
                }
            },
            "notification-url": "https://packagist.org/downloads/",
            "license": [
                "MIT"
            ],
            "authors": [
                {
                    "name": "PHP-FIG",
                    "homepage": "https://www.php-fig.org/"
                }
            ],
            "description": "Common interface for logging libraries",
            "homepage": "https://github.com/php-fig/log",
            "keywords": [
                "log",
                "psr",
                "psr-3"
            ],
            "support": {
                "source": "https://github.com/php-fig/log/tree/3.0.0"
            },
            "time": "2021-07-14T16:46:02+00:00"
        },
        {
            "name": "psr/simple-cache",
            "version": "dev-master",
            "source": {
                "type": "git",
                "url": "https://github.com/php-fig/simple-cache.git",
                "reference": "2d280c2aaa23a120f35d55cfde8581954a8e77fa"
            },
            "dist": {
                "type": "zip",
                "url": "https://api.github.com/repos/php-fig/simple-cache/zipball/2d280c2aaa23a120f35d55cfde8581954a8e77fa",
                "reference": "2d280c2aaa23a120f35d55cfde8581954a8e77fa",
                "shasum": ""
            },
            "require": {
                "php": ">=8.0.0"
            },
            "default-branch": true,
            "type": "library",
            "extra": {
                "branch-alias": {
                    "dev-master": "3.0.x-dev"
                }
            },
            "autoload": {
                "psr-4": {
                    "Psr\\SimpleCache\\": "src/"
                }
            },
            "notification-url": "https://packagist.org/downloads/",
            "license": [
                "MIT"
            ],
            "authors": [
                {
                    "name": "PHP-FIG",
                    "homepage": "https://www.php-fig.org/"
                }
            ],
            "description": "Common interfaces for simple caching",
            "keywords": [
                "cache",
                "caching",
                "psr",
                "psr-16",
                "simple-cache"
            ],
            "support": {
                "source": "https://github.com/php-fig/simple-cache/tree/master"
            },
            "time": "2022-04-08T16:41:45+00:00"
        },
        {
            "name": "spiral/attributes",
            "version": "3.0.x-dev",
            "source": {
                "type": "git",
                "url": "https://github.com/spiral/attributes.git",
                "reference": "442712c83c703366856d7da7370a95b471f3b51e"
            },
            "dist": {
                "type": "zip",
                "url": "https://api.github.com/repos/spiral/attributes/zipball/442712c83c703366856d7da7370a95b471f3b51e",
                "reference": "442712c83c703366856d7da7370a95b471f3b51e",
                "shasum": ""
            },
            "require": {
                "php": ">=8.1",
                "psr/cache": ">=1.0",
                "psr/simple-cache": "1 - 3"
            },
            "require-dev": {
                "doctrine/annotations": "^1.12",
                "jetbrains/phpstorm-attributes": "^1.0",
                "phpunit/phpunit": "^9.5.20",
                "symfony/var-dumper": "^5.2 || ^6.0",
                "vimeo/psalm": "^4.21"
            },
            "suggest": {
                "doctrine/annotations": "^1.0 for Doctrine metadata driver support"
            },
            "type": "library",
            "extra": {
                "branch-alias": {
                    "dev-master": "2.14.x-dev"
                }
            },
            "autoload": {
                "files": [
                    "src/polyfill.php"
                ],
                "psr-4": {
                    "Spiral\\Attributes\\": "src"
                }
            },
            "notification-url": "https://packagist.org/downloads/",
            "license": [
                "MIT"
            ],
            "authors": [
                {
                    "name": "Kirill Nesmeyanov (SerafimArts)",
                    "email": "kirill.nesmeyanov@spiralscout.com"
                }
            ],
            "description": "PHP attributes reader",
            "homepage": "https://spiral.dev",
            "support": {
                "issues": "https://github.com/spiral/attributes/issues",
                "source": "https://github.com/spiral/attributes"
            },
            "time": "2022-05-26T15:05:35+00:00"
        },
        {
            "name": "spiral/core",
            "version": "dev-master",
            "source": {
                "type": "git",
                "url": "https://github.com/spiral/core.git",
                "reference": "0987729c98a3e764d916d065237e0e491824fb07"
            },
            "dist": {
                "type": "zip",
                "url": "https://api.github.com/repos/spiral/core/zipball/0987729c98a3e764d916d065237e0e491824fb07",
                "reference": "0987729c98a3e764d916d065237e0e491824fb07",
                "shasum": ""
            },
            "require": {
                "php": ">=7.4",
                "psr/container": "^1.1|^2.0"
            },
            "require-dev": {
                "mockery/mockery": "^1.5",
                "phpunit/phpunit": "^8.5|^9.5"
            },
            "default-branch": true,
            "type": "library",
            "extra": {
                "branch-alias": {
                    "dev-master": "2.14.x-dev"
                }
            },
            "autoload": {
                "psr-4": {
                    "Spiral\\Core\\": "src"
                }
            },
            "notification-url": "https://packagist.org/downloads/",
            "license": [
                "MIT"
            ],
            "authors": [
                {
                    "name": "Anton Titov (wolfy-j)",
                    "email": "wolfy-j@spiralscout.com"
                }
            ],
            "description": "IoC container, IoC scopes, factory, memory, configuration interfaces",
            "homepage": "https://spiral.dev",
            "support": {
                "issues": "https://github.com/spiral/framework/issues",
                "source": "https://github.com/spiral/core"
            },
            "time": "2022-05-16T19:46:42+00:00"
        },
        {
            "name": "spiral/logger",
            "version": "dev-master",
            "source": {
                "type": "git",
                "url": "https://github.com/spiral/logger.git",
                "reference": "92b9bbdf3d827df98dd816054de711bedccba269"
            },
            "dist": {
                "type": "zip",
                "url": "https://api.github.com/repos/spiral/logger/zipball/92b9bbdf3d827df98dd816054de711bedccba269",
                "reference": "92b9bbdf3d827df98dd816054de711bedccba269",
                "shasum": ""
            },
            "require": {
                "php": ">=7.4",
                "psr/log": "1 - 3",
                "spiral/core": "^2.13.1"
            },
            "require-dev": {
                "mockery/mockery": "^1.5",
                "phpunit/phpunit": "^8.5|^9.5"
            },
            "default-branch": true,
            "type": "library",
            "extra": {
                "branch-alias": {
                    "dev-master": "2.14.x-dev"
                }
            },
            "autoload": {
                "psr-4": {
                    "Spiral\\Logger\\": "src"
                }
            },
            "notification-url": "https://packagist.org/downloads/",
            "license": [
                "MIT"
            ],
            "authors": [
                {
                    "name": "Anton Titov (wolfy-j)",
                    "email": "wolfy-j@spiralscout.com"
                }
            ],
            "description": "LogFactory and global log listeners",
            "homepage": "https://spiral.dev",
            "support": {
                "issues": "https://github.com/spiral/framework/issues",
                "source": "https://github.com/spiral/logger"
            },
            "time": "2022-05-16T19:49:02+00:00"
        },
        {
            "name": "spiral/pagination",
            "version": "dev-master",
            "source": {
                "type": "git",
                "url": "https://github.com/spiral/pagination.git",
                "reference": "d968f4415ec2fedbfb017ed1f54ce1dc17c015b8"
            },
            "dist": {
                "type": "zip",
                "url": "https://api.github.com/repos/spiral/pagination/zipball/d968f4415ec2fedbfb017ed1f54ce1dc17c015b8",
                "reference": "d968f4415ec2fedbfb017ed1f54ce1dc17c015b8",
                "shasum": ""
            },
            "require": {
                "php": ">=7.4"
            },
            "require-dev": {
                "mockery/mockery": "^1.5",
                "phpunit/phpunit": "^8.5|^9.5"
            },
            "default-branch": true,
            "type": "library",
            "extra": {
                "branch-alias": {
                    "dev-master": "2.14.x-dev"
                }
            },
            "autoload": {
                "psr-4": {
                    "Spiral\\Pagination\\": "src"
                }
            },
            "notification-url": "https://packagist.org/downloads/",
            "license": [
                "MIT"
            ],
            "authors": [
                {
                    "name": "Anton Titov (wolfy-j)",
                    "email": "wolfy-j@spiralscout.com"
                }
            ],
            "description": "Common pagination interfaces",
            "homepage": "https://spiral.dev",
            "support": {
                "issues": "https://github.com/spiral/framework/issues",
                "source": "https://github.com/spiral/pagination"
            },
            "time": "2022-05-16T19:47:11+00:00"
        },
        {
            "name": "spiral/tokenizer",
            "version": "dev-master",
            "source": {
                "type": "git",
                "url": "https://github.com/spiral/tokenizer.git",
                "reference": "f5342590915f455a7e7880944e8416a9ff9b651b"
            },
            "dist": {
                "type": "zip",
                "url": "https://api.github.com/repos/spiral/tokenizer/zipball/f5342590915f455a7e7880944e8416a9ff9b651b",
                "reference": "f5342590915f455a7e7880944e8416a9ff9b651b",
                "shasum": ""
            },
            "require": {
                "php": ">=7.4",
                "spiral/core": "^2.13.1",
                "spiral/logger": "^2.13.1",
                "symfony/finder": "^5.1|^6.0"
            },
            "require-dev": {
                "phpunit/phpunit": "^8.5|^9.5"
            },
            "default-branch": true,
            "type": "library",
            "extra": {
                "branch-alias": {
                    "dev-master": "2.14.x-dev"
                }
            },
            "autoload": {
                "psr-4": {
                    "Spiral\\Tokenizer\\": "src"
                }
            },
            "notification-url": "https://packagist.org/downloads/",
            "license": [
                "MIT"
            ],
            "authors": [
                {
                    "name": "Anton Titov (wolfy-j)",
                    "email": "wolfy-j@spiralscout.com"
                }
            ],
            "description": "Static Analysis: Class and Invocation locators",
            "homepage": "https://spiral.dev",
            "support": {
                "issues": "https://github.com/spiral/framework/issues",
                "source": "https://github.com/spiral/tokenizer"
            },
            "time": "2022-05-16T19:49:39+00:00"
        },
        {
            "name": "storinka/invoke",
            "version": "v2.x-dev",
            "source": {
                "type": "git",
                "url": "https://github.com/storinka/invoke.git",
                "reference": "e4a37df17e7b5b12cba3955805b23bce00466f7f"
            },
            "dist": {
                "type": "zip",
                "url": "https://api.github.com/repos/storinka/invoke/zipball/e4a37df17e7b5b12cba3955805b23bce00466f7f",
                "reference": "e4a37df17e7b5b12cba3955805b23bce00466f7f",
                "shasum": ""
            },
            "require": {
                "ext-json": "*",
                "ext-mbstring": "*",
                "php": "^8.1",
                "php-ds/php-ds": "^1.4",
                "psr/container": "^2.0 | ^1.0"
            },
            "require-dev": {
                "mockery/mockery": "dev-master",
                "phpunit/phpunit": "^9"
            },
            "default-branch": true,
            "type": "library",
            "autoload": {
                "files": [
                    "src/utils.php"
                ],
                "psr-4": {
                    "Invoke\\": "src"
                }
            },
            "notification-url": "https://packagist.org/downloads/",
            "license": [
                "MIT"
            ],
            "authors": [
                {
                    "name": "Davyd Kohut",
                    "email": "expexes@gmail.com"
                }
            ],
            "description": "Invoke Core library",
            "support": {
                "issues": "https://github.com/storinka/invoke/issues",
                "source": "https://github.com/storinka/invoke/tree/v2.0.8"
            },
            "time": "2022-06-19T17:58:13+00:00"
        },
        {
            "name": "symfony/finder",
            "version": "6.2.x-dev",
            "source": {
                "type": "git",
                "url": "https://github.com/symfony/finder.git",
                "reference": "86934162dd6db88ac0f4a5c9813d26c1dddf549f"
            },
            "dist": {
                "type": "zip",
                "url": "https://api.github.com/repos/symfony/finder/zipball/86934162dd6db88ac0f4a5c9813d26c1dddf549f",
                "reference": "86934162dd6db88ac0f4a5c9813d26c1dddf549f",
                "shasum": ""
            },
            "require": {
                "php": ">=8.1"
            },
            "require-dev": {
                "symfony/filesystem": "^6.0"
            },
            "type": "library",
            "autoload": {
                "psr-4": {
                    "Symfony\\Component\\Finder\\": ""
                },
                "exclude-from-classmap": [
                    "/Tests/"
                ]
            },
            "notification-url": "https://packagist.org/downloads/",
            "license": [
                "MIT"
            ],
            "authors": [
                {
                    "name": "Fabien Potencier",
                    "email": "fabien@symfony.com"
                },
                {
                    "name": "Symfony Community",
                    "homepage": "https://symfony.com/contributors"
                }
            ],
            "description": "Finds files and directories via an intuitive fluent interface",
            "homepage": "https://symfony.com",
            "support": {
                "source": "https://github.com/symfony/finder/tree/6.2"
            },
            "funding": [
                {
                    "url": "https://symfony.com/sponsor",
                    "type": "custom"
                },
                {
                    "url": "https://github.com/fabpot",
                    "type": "github"
                },
                {
                    "url": "https://tidelift.com/funding/github/packagist/symfony/symfony",
                    "type": "tidelift"
                }
            ],
            "time": "2022-07-29T10:25:34+00:00"
        },
        {
            "name": "workerman/workerman",
            "version": "dev-master",
            "source": {
                "type": "git",
                "url": "https://github.com/walkor/workerman.git",
                "reference": "70a0e0381d2de2e8992b48e9726fa66a7a2d806b"
            },
            "dist": {
                "type": "zip",
                "url": "https://api.github.com/repos/walkor/workerman/zipball/70a0e0381d2de2e8992b48e9726fa66a7a2d806b",
                "reference": "70a0e0381d2de2e8992b48e9726fa66a7a2d806b",
                "shasum": ""
            },
            "require": {
                "php": ">=7.0"
            },
            "suggest": {
                "ext-event": "For better performance. "
            },
            "default-branch": true,
            "type": "library",
            "autoload": {
                "psr-4": {
                    "Workerman\\": "src"
                }
            },
            "notification-url": "https://packagist.org/downloads/",
            "license": [
                "MIT"
            ],
            "authors": [
                {
                    "name": "walkor",
                    "email": "walkor@workerman.net",
                    "homepage": "https://www.workerman.net",
                    "role": "Developer"
                }
            ],
            "description": "An asynchronous event driven PHP framework for easily building fast, scalable network applications.",
            "homepage": "https://www.workerman.net",
            "keywords": [
                "asynchronous",
                "event-loop"
            ],
            "support": {
                "email": "walkor@workerman.net",
                "forum": "https://www.workerman.net/questions",
                "issues": "https://github.com/walkor/workerman/issues",
                "source": "https://github.com/walkor/workerman",
                "wiki": "https://www.workerman.net/doc/workerman/"
            },
            "funding": [
                {
                    "url": "https://opencollective.com/workerman",
                    "type": "open_collective"
                },
                {
                    "url": "https://www.patreon.com/walkor",
                    "type": "patreon"
                }
            ],
            "time": "2022-07-31T12:01:36+00:00"
        },
        {
            "name": "yiisoft/friendly-exception",
            "version": "1.1.0",
            "source": {
                "type": "git",
                "url": "https://github.com/yiisoft/friendly-exception.git",
                "reference": "4b4a19edff251791e3c92d4d83435d2716351ff4"
            },
            "dist": {
                "type": "zip",
                "url": "https://api.github.com/repos/yiisoft/friendly-exception/zipball/4b4a19edff251791e3c92d4d83435d2716351ff4",
                "reference": "4b4a19edff251791e3c92d4d83435d2716351ff4",
                "shasum": ""
            },
            "require": {
                "php": "^7.1|^8.0"
            },
            "require-dev": {
                "phpunit/phpunit": "^9.4",
                "roave/infection-static-analysis-plugin": "^1.5",
                "spatie/phpunit-watcher": "^1.23",
                "vimeo/psalm": "^4.3"
            },
            "type": "library",
            "autoload": {
                "psr-4": {
                    "Yiisoft\\FriendlyException\\": "src"
                }
            },
            "notification-url": "https://packagist.org/downloads/",
            "license": [
                "BSD-3-Clause"
            ],
            "description": "An interface for friendlier exception",
            "homepage": "http://www.yiiframework.com/",
            "keywords": [
                "error handling",
                "exception",
                "exceptions",
                "friendly"
            ],
            "support": {
                "forum": "http://www.yiiframework.com/forum/",
                "irc": "irc://irc.freenode.net/yii",
                "issues": "https://github.com/yiisoft/friendly-exception/issues?state=open",
                "source": "https://github.com/yiisoft/friendly-exception",
                "wiki": "http://www.yiiframework.com/wiki/"
            },
            "funding": [
                {
                    "url": "https://github.com/yiisoft",
                    "type": "github"
                },
                {
                    "url": "https://opencollective.com/yiisoft",
                    "type": "open_collective"
                }
            ],
            "time": "2021-10-26T21:43:25+00:00"
        }
    ],
    "packages-dev": [],
    "aliases": [],
    "minimum-stability": "dev",
    "stability-flags": {
        "workerman/workerman": 20,
        "cycle/orm": 20,
        "cycle/annotated": 20
    },
    "prefer-stable": false,
    "prefer-lowest": false,
    "platform": [],
    "platform-dev": [],
    "plugin-api-version": "2.3.0"
}
